{
  "name": "@based/workspaces-db",
  "version": "1.0.0",
  "lockfileVersion": 3,
  "requires": true,
  "packages": {
    "": {
      "name": "@based/workspaces-db",
      "version": "1.0.0",
      "license": "MIT",
      "workspaces": [
        "packages/*"
      ],
      "devDependencies": {
        "@saulx/prettier-config": "^2.0.0",
        "@saulx/tsconfig": "^1.1.0",
        "@types/node": "^22.5.4",
        "prettier": "^3.2.5",
        "rimraf": "^3.0.2",
        "turbo": "1.6.3",
        "typescript": "^5.4.5"
      }
    },
    "node_modules/@based/client": {
      "version": "6.6.1",
      "license": "MIT",
      "dependencies": {
        "@based/errors": "^1.3.0",
        "@based/fetch": "^2.0.3",
        "@based/opts": "^1.0.0",
        "@saulx/diff": "^2.0.2",
        "@saulx/hash": "^3.0.0",
        "@saulx/utils": "^5.0.0",
        "fflate": "0.8.1",
        "isomorphic-ws": "^5.0.0",
        "ws": "^8.13.0"
      }
    },
    "node_modules/@based/client/node_modules/@saulx/diff": {
      "version": "2.0.2",
      "license": "MIT",
      "dependencies": {
        "@saulx/hash": "^3.0.0",
        "@saulx/utils": "^5.0.0"
      }
    },
    "node_modules/@based/client/node_modules/@saulx/hash": {
      "version": "3.0.0",
      "license": "MIT"
    },
    "node_modules/@based/client/node_modules/@saulx/utils": {
      "version": "5.0.0",
      "license": "MIT",
      "dependencies": {
        "@saulx/hash": "^3.0.0"
      }
    },
    "node_modules/@based/db": {
      "resolved": "packages/db",
      "link": true
    },
    "node_modules/@based/errors": {
      "version": "1.3.0",
      "license": "MIT",
      "dependencies": {
        "@based/functions": "^3.0.2"
      }
    },
    "node_modules/@based/errors/node_modules/@based/functions": {
      "version": "3.0.2",
      "license": "MIT",
      "dependencies": {
        "@saulx/utils": "^5.0.0",
        "utility-types": "^3.10.0"
      }
    },
    "node_modules/@based/errors/node_modules/@saulx/hash": {
      "version": "3.0.0",
      "license": "MIT"
    },
    "node_modules/@based/errors/node_modules/@saulx/utils": {
      "version": "5.0.0",
      "license": "MIT",
      "dependencies": {
        "@saulx/hash": "^3.0.0"
      }
    },
    "node_modules/@based/fetch": {
      "version": "2.0.3",
      "license": "ISC",
      "dependencies": {
        "node-fetch": "^3.3.2"
      }
    },
    "node_modules/@based/fetch/node_modules/node-fetch": {
      "version": "3.3.2",
      "license": "MIT",
      "dependencies": {
        "data-uri-to-buffer": "^4.0.0",
        "fetch-blob": "^3.1.4",
        "formdata-polyfill": "^4.0.10"
      },
      "engines": {
        "node": "^12.20.0 || ^14.13.1 || >=16.0.0"
      },
      "funding": {
        "type": "opencollective",
        "url": "https://opencollective.com/node-fetch"
      }
    },
    "node_modules/@based/opts": {
      "version": "1.0.0",
      "dependencies": {
        "@based/fetch": "^2.0.1",
        "@saulx/hash": "^3.0.0",
        "@saulx/utils": "^4.0.4"
      }
    },
    "node_modules/@based/opts/node_modules/@saulx/hash": {
      "version": "3.0.0",
      "license": "MIT"
    },
    "node_modules/@based/opts/node_modules/@saulx/utils": {
      "version": "4.3.2",
      "license": "MIT",
      "dependencies": {
        "@saulx/hash": "^3.0.0"
      }
    },
    "node_modules/@based/schema": {
      "resolved": "packages/schema",
      "link": true
    },
    "node_modules/@based/uws": {
      "version": "4.1.0",
      "license": "Apache-2.0"
    },
    "node_modules/@cspotcode/source-map-support": {
      "version": "0.8.1",
      "dev": true,
      "license": "MIT",
      "dependencies": {
        "@jridgewell/trace-mapping": "0.3.9"
      },
      "engines": {
        "node": ">=12"
      }
    },
    "node_modules/@esbuild/darwin-arm64": {
      "version": "0.23.1",
      "cpu": [
        "arm64"
      ],
      "dev": true,
      "license": "MIT",
      "optional": true,
      "os": [
        "darwin"
      ],
      "engines": {
        "node": ">=18"
      }
    },
    "node_modules/@jridgewell/resolve-uri": {
      "version": "3.1.1",
      "dev": true,
      "license": "MIT",
      "engines": {
        "node": ">=6.0.0"
      }
    },
    "node_modules/@jridgewell/sourcemap-codec": {
      "version": "1.4.15",
      "dev": true,
      "license": "MIT"
    },
    "node_modules/@jridgewell/trace-mapping": {
      "version": "0.3.9",
      "dev": true,
      "license": "MIT",
      "dependencies": {
        "@jridgewell/resolve-uri": "^3.0.3",
        "@jridgewell/sourcemap-codec": "^1.4.10"
      }
    },
    "node_modules/@napi-rs/snappy-darwin-arm64": {
      "version": "7.2.2",
      "cpu": [
        "arm64"
      ],
      "license": "MIT",
      "optional": true,
      "os": [
        "darwin"
      ],
      "engines": {
        "node": ">= 10"
      }
    },
    "node_modules/@saulx/prettier-config": {
      "version": "2.0.0",
      "dev": true,
      "license": "MIT",
      "peerDependencies": {
        "prettier": "^3.0.0"
      }
    },
    "node_modules/@saulx/tsconfig": {
      "version": "1.1.0",
      "dev": true,
      "license": "MIT"
    },
    "node_modules/@tsconfig/node10": {
      "version": "1.0.9",
      "dev": true,
      "license": "MIT"
    },
    "node_modules/@tsconfig/node12": {
      "version": "1.0.11",
      "dev": true,
      "license": "MIT"
    },
    "node_modules/@tsconfig/node14": {
      "version": "1.0.3",
      "dev": true,
      "license": "MIT"
    },
    "node_modules/@tsconfig/node16": {
      "version": "1.0.4",
      "dev": true,
      "license": "MIT"
    },
    "node_modules/@types/node": {
      "version": "22.5.4",
      "dev": true,
      "license": "MIT",
      "dependencies": {
        "undici-types": "~6.19.2"
      }
    },
    "node_modules/acorn": {
      "version": "8.11.3",
      "dev": true,
      "license": "MIT",
      "bin": {
        "acorn": "bin/acorn"
      },
      "engines": {
        "node": ">=0.4.0"
      }
    },
    "node_modules/acorn-walk": {
      "version": "8.3.2",
      "dev": true,
      "license": "MIT",
      "engines": {
        "node": ">=0.4.0"
      }
    },
    "node_modules/arg": {
      "version": "4.1.3",
      "dev": true,
      "license": "MIT"
    },
    "node_modules/balanced-match": {
      "version": "1.0.2",
      "dev": true,
      "license": "MIT"
    },
    "node_modules/brace-expansion": {
      "version": "1.1.11",
      "dev": true,
      "license": "MIT",
      "dependencies": {
        "balanced-match": "^1.0.0",
        "concat-map": "0.0.1"
      }
    },
    "node_modules/buffer-equal-constant-time": {
      "version": "1.0.1",
      "license": "BSD-3-Clause"
    },
    "node_modules/commander": {
      "version": "9.5.0",
      "dev": true,
      "license": "MIT",
      "engines": {
        "node": "^12.20.0 || >=14"
      }
    },
    "node_modules/concat-map": {
      "version": "0.0.1",
      "dev": true,
      "license": "MIT"
    },
    "node_modules/create-require": {
      "version": "1.1.1",
      "dev": true,
      "license": "MIT"
    },
    "node_modules/data-record": {
      "version": "2.0.0",
      "license": "ISC"
    },
    "node_modules/data-uri-to-buffer": {
      "version": "4.0.1",
      "license": "MIT",
      "engines": {
        "node": ">= 12"
      }
    },
    "node_modules/diff": {
      "version": "4.0.2",
      "dev": true,
      "license": "BSD-3-Clause",
      "engines": {
        "node": ">=0.3.1"
      }
    },
    "node_modules/ecdsa-sig-formatter": {
      "version": "1.0.11",
      "license": "Apache-2.0",
      "dependencies": {
        "safe-buffer": "^5.0.1"
      }
    },
    "node_modules/esbuild": {
      "version": "0.23.1",
      "dev": true,
      "hasInstallScript": true,
      "license": "MIT",
      "bin": {
        "esbuild": "bin/esbuild"
      },
      "engines": {
        "node": ">=18"
      },
      "optionalDependencies": {
        "@esbuild/aix-ppc64": "0.23.1",
        "@esbuild/android-arm": "0.23.1",
        "@esbuild/android-arm64": "0.23.1",
        "@esbuild/android-x64": "0.23.1",
        "@esbuild/darwin-arm64": "0.23.1",
        "@esbuild/darwin-x64": "0.23.1",
        "@esbuild/freebsd-arm64": "0.23.1",
        "@esbuild/freebsd-x64": "0.23.1",
        "@esbuild/linux-arm": "0.23.1",
        "@esbuild/linux-arm64": "0.23.1",
        "@esbuild/linux-ia32": "0.23.1",
        "@esbuild/linux-loong64": "0.23.1",
        "@esbuild/linux-mips64el": "0.23.1",
        "@esbuild/linux-ppc64": "0.23.1",
        "@esbuild/linux-riscv64": "0.23.1",
        "@esbuild/linux-s390x": "0.23.1",
        "@esbuild/linux-x64": "0.23.1",
        "@esbuild/netbsd-x64": "0.23.1",
        "@esbuild/openbsd-arm64": "0.23.1",
        "@esbuild/openbsd-x64": "0.23.1",
        "@esbuild/sunos-x64": "0.23.1",
        "@esbuild/win32-arm64": "0.23.1",
        "@esbuild/win32-ia32": "0.23.1",
        "@esbuild/win32-x64": "0.23.1"
      }
    },
    "node_modules/fetch-blob": {
      "version": "3.2.0",
      "funding": [
        {
          "type": "github",
          "url": "https://github.com/sponsors/jimmywarting"
        },
        {
          "type": "paypal",
          "url": "https://paypal.me/jimmywarting"
        }
      ],
      "license": "MIT",
      "dependencies": {
        "node-domexception": "^1.0.0",
        "web-streams-polyfill": "^3.0.3"
      },
      "engines": {
        "node": "^12.20 || >= 14.13"
      }
    },
    "node_modules/fflate": {
      "version": "0.8.1",
      "license": "MIT"
    },
    "node_modules/formdata-polyfill": {
      "version": "4.0.10",
      "license": "MIT",
      "dependencies": {
        "fetch-blob": "^3.1.2"
      },
      "engines": {
        "node": ">=12.20.0"
      }
    },
    "node_modules/fs.realpath": {
      "version": "1.0.0",
      "dev": true,
      "license": "ISC"
    },
    "node_modules/fsevents": {
      "version": "2.3.3",
      "dev": true,
      "license": "MIT",
      "optional": true,
      "os": [
        "darwin"
      ],
      "engines": {
        "node": "^8.16.0 || ^10.6.0 || >=11.0.0"
      }
    },
    "node_modules/get-tsconfig": {
      "version": "4.8.0",
      "dev": true,
      "license": "MIT",
      "dependencies": {
        "resolve-pkg-maps": "^1.0.0"
      },
      "funding": {
        "url": "https://github.com/privatenumber/get-tsconfig?sponsor=1"
      }
    },
    "node_modules/glob": {
      "version": "7.2.3",
      "dev": true,
      "license": "ISC",
      "dependencies": {
        "fs.realpath": "^1.0.0",
        "inflight": "^1.0.4",
        "inherits": "2",
        "minimatch": "^3.1.1",
        "once": "^1.3.0",
        "path-is-absolute": "^1.0.0"
      },
      "engines": {
        "node": "*"
      },
      "funding": {
        "url": "https://github.com/sponsors/isaacs"
      }
    },
    "node_modules/inflight": {
      "version": "1.0.6",
      "dev": true,
      "license": "ISC",
      "dependencies": {
        "once": "^1.3.0",
        "wrappy": "1"
      }
    },
    "node_modules/inherits": {
      "version": "2.0.4",
      "dev": true,
      "license": "ISC"
    },
    "node_modules/is-plain-obj": {
      "version": "3.0.0",
      "license": "MIT",
      "engines": {
        "node": ">=10"
      },
      "funding": {
        "url": "https://github.com/sponsors/sindresorhus"
      }
    },
    "node_modules/isomorphic-ws": {
      "version": "5.0.0",
      "license": "MIT",
      "peerDependencies": {
        "ws": "*"
      }
    },
    "node_modules/jsonexport": {
      "version": "3.2.0",
      "license": "Apache-2.0",
      "bin": {
        "jsonexport": "bin/jsonexport.js"
      }
    },
    "node_modules/jsonwebtoken": {
      "version": "8.5.1",
      "license": "MIT",
      "dependencies": {
        "jws": "^3.2.2",
        "lodash.includes": "^4.3.0",
        "lodash.isboolean": "^3.0.3",
        "lodash.isinteger": "^4.0.4",
        "lodash.isnumber": "^3.0.3",
        "lodash.isplainobject": "^4.0.6",
        "lodash.isstring": "^4.0.1",
        "lodash.once": "^4.0.0",
        "ms": "^2.1.1",
        "semver": "^5.6.0"
      },
      "engines": {
        "node": ">=4",
        "npm": ">=1.4.28"
      }
    },
    "node_modules/jsonwebtoken/node_modules/semver": {
      "version": "5.7.2",
      "license": "ISC",
      "bin": {
        "semver": "bin/semver"
      }
    },
    "node_modules/jwa": {
      "version": "1.4.1",
      "license": "MIT",
      "dependencies": {
        "buffer-equal-constant-time": "1.0.1",
        "ecdsa-sig-formatter": "1.0.11",
        "safe-buffer": "^5.0.1"
      }
    },
    "node_modules/jws": {
      "version": "3.2.2",
      "license": "MIT",
      "dependencies": {
        "jwa": "^1.4.1",
        "safe-buffer": "^5.0.1"
      }
    },
    "node_modules/lodash.includes": {
      "version": "4.3.0",
      "license": "MIT"
    },
    "node_modules/lodash.isboolean": {
      "version": "3.0.3",
      "license": "MIT"
    },
    "node_modules/lodash.isinteger": {
      "version": "4.0.4",
      "license": "MIT"
    },
    "node_modules/lodash.isnumber": {
      "version": "3.0.3",
      "license": "MIT"
    },
    "node_modules/lodash.isplainobject": {
      "version": "4.0.6",
      "license": "MIT"
    },
    "node_modules/lodash.isstring": {
      "version": "4.0.1",
      "license": "MIT"
    },
    "node_modules/lodash.once": {
      "version": "4.1.1",
      "license": "MIT"
    },
    "node_modules/lorem-ipsum": {
      "version": "2.0.8",
      "dev": true,
      "license": "ISC",
      "dependencies": {
        "commander": "^9.3.0"
      },
      "bin": {
        "lorem-ipsum": "dist/bin/lorem-ipsum.bin.js"
      },
      "engines": {
        "node": ">= 8.x",
        "npm": ">= 5.x"
      }
    },
    "node_modules/make-error": {
      "version": "1.3.6",
      "dev": true,
      "license": "ISC"
    },
    "node_modules/mime-db": {
      "version": "1.52.0",
      "license": "MIT",
      "engines": {
        "node": ">= 0.6"
      }
    },
    "node_modules/mime-types": {
      "version": "2.1.35",
      "license": "MIT",
      "dependencies": {
        "mime-db": "1.52.0"
      },
      "engines": {
        "node": ">= 0.6"
      }
    },
    "node_modules/minimatch": {
      "version": "3.1.2",
      "dev": true,
      "license": "ISC",
      "dependencies": {
        "brace-expansion": "^1.1.7"
      },
      "engines": {
        "node": "*"
      }
    },
    "node_modules/ms": {
      "version": "2.1.3",
      "license": "MIT"
    },
    "node_modules/node-domexception": {
      "version": "1.0.0",
      "funding": [
        {
          "type": "github",
          "url": "https://github.com/sponsors/jimmywarting"
        },
        {
          "type": "github",
          "url": "https://paypal.me/jimmywarting"
        }
      ],
      "license": "MIT",
      "engines": {
        "node": ">=10.5.0"
      }
    },
    "node_modules/once": {
      "version": "1.4.0",
      "dev": true,
      "license": "ISC",
      "dependencies": {
        "wrappy": "1"
      }
    },
    "node_modules/path-is-absolute": {
      "version": "1.0.1",
      "dev": true,
      "license": "MIT",
      "engines": {
        "node": ">=0.10.0"
      }
    },
    "node_modules/picocolors": {
      "version": "1.1.0",
      "license": "ISC"
    },
    "node_modules/prettier": {
      "version": "3.2.5",
      "dev": true,
      "license": "MIT",
      "bin": {
        "prettier": "bin/prettier.cjs"
      },
      "engines": {
        "node": ">=14"
      },
      "funding": {
        "url": "https://github.com/prettier/prettier?sponsor=1"
      }
    },
    "node_modules/resolve-pkg-maps": {
      "version": "1.0.0",
      "dev": true,
      "license": "MIT",
      "funding": {
        "url": "https://github.com/privatenumber/resolve-pkg-maps?sponsor=1"
      }
    },
    "node_modules/rimraf": {
      "version": "3.0.2",
      "dev": true,
      "license": "ISC",
      "dependencies": {
        "glob": "^7.1.3"
      },
      "bin": {
        "rimraf": "bin.js"
      },
      "funding": {
        "url": "https://github.com/sponsors/isaacs"
      }
    },
    "node_modules/safe-buffer": {
      "version": "5.2.1",
      "funding": [
        {
          "type": "github",
          "url": "https://github.com/sponsors/feross"
        },
        {
          "type": "patreon",
          "url": "https://www.patreon.com/feross"
        },
        {
          "type": "consulting",
          "url": "https://feross.org/support"
        }
      ],
      "license": "MIT"
    },
    "node_modules/snappy": {
      "version": "7.2.2",
      "license": "MIT",
      "engines": {
        "node": ">= 10"
      },
      "funding": {
        "type": "github",
        "url": "https://github.com/sponsors/Brooooooklyn"
      },
      "optionalDependencies": {
        "@napi-rs/snappy-android-arm-eabi": "7.2.2",
        "@napi-rs/snappy-android-arm64": "7.2.2",
        "@napi-rs/snappy-darwin-arm64": "7.2.2",
        "@napi-rs/snappy-darwin-x64": "7.2.2",
        "@napi-rs/snappy-freebsd-x64": "7.2.2",
        "@napi-rs/snappy-linux-arm-gnueabihf": "7.2.2",
        "@napi-rs/snappy-linux-arm64-gnu": "7.2.2",
        "@napi-rs/snappy-linux-arm64-musl": "7.2.2",
        "@napi-rs/snappy-linux-x64-gnu": "7.2.2",
        "@napi-rs/snappy-linux-x64-musl": "7.2.2",
        "@napi-rs/snappy-win32-arm64-msvc": "7.2.2",
        "@napi-rs/snappy-win32-ia32-msvc": "7.2.2",
        "@napi-rs/snappy-win32-x64-msvc": "7.2.2"
      }
    },
    "node_modules/ts-node": {
      "version": "10.9.1",
      "dev": true,
      "license": "MIT",
      "dependencies": {
        "@cspotcode/source-map-support": "^0.8.0",
        "@tsconfig/node10": "^1.0.7",
        "@tsconfig/node12": "^1.0.7",
        "@tsconfig/node14": "^1.0.0",
        "@tsconfig/node16": "^1.0.2",
        "acorn": "^8.4.1",
        "acorn-walk": "^8.1.1",
        "arg": "^4.1.0",
        "create-require": "^1.1.0",
        "diff": "^4.0.1",
        "make-error": "^1.1.1",
        "v8-compile-cache-lib": "^3.0.1",
        "yn": "3.1.1"
      },
      "bin": {
        "ts-node": "dist/bin.js",
        "ts-node-cwd": "dist/bin-cwd.js",
        "ts-node-esm": "dist/bin-esm.js",
        "ts-node-script": "dist/bin-script.js",
        "ts-node-transpile-only": "dist/bin-transpile.js",
        "ts-script": "dist/bin-script-deprecated.js"
      },
      "peerDependencies": {
        "@swc/core": ">=1.2.50",
        "@swc/wasm": ">=1.2.50",
        "@types/node": "*",
        "typescript": ">=2.7"
      },
      "peerDependenciesMeta": {
        "@swc/core": {
          "optional": true
        },
        "@swc/wasm": {
          "optional": true
        }
      }
    },
    "node_modules/tsx": {
      "version": "4.19.0",
      "dev": true,
      "license": "MIT",
      "dependencies": {
        "esbuild": "~0.23.0",
        "get-tsconfig": "^4.7.5"
      },
      "bin": {
        "tsx": "dist/cli.mjs"
      },
      "engines": {
        "node": ">=18.0.0"
      },
      "optionalDependencies": {
        "fsevents": "~2.3.3"
      }
    },
    "node_modules/turbo": {
      "version": "1.6.3",
      "dev": true,
      "hasInstallScript": true,
      "license": "MPL-2.0",
      "bin": {
        "turbo": "bin/turbo"
      },
      "optionalDependencies": {
        "turbo-darwin-64": "1.6.3",
        "turbo-darwin-arm64": "1.6.3",
        "turbo-linux-64": "1.6.3",
        "turbo-linux-arm64": "1.6.3",
        "turbo-windows-64": "1.6.3",
        "turbo-windows-arm64": "1.6.3"
      }
    },
    "node_modules/turbo-darwin-arm64": {
      "version": "1.6.3",
      "cpu": [
        "arm64"
      ],
      "dev": true,
      "license": "MPL-2.0",
      "optional": true,
      "os": [
        "darwin"
      ]
    },
    "node_modules/typescript": {
      "version": "5.4.5",
      "dev": true,
      "license": "Apache-2.0",
      "bin": {
        "tsc": "bin/tsc",
        "tsserver": "bin/tsserver"
      },
      "engines": {
        "node": ">=14.17"
      }
    },
    "node_modules/undici-types": {
      "version": "6.19.8",
      "dev": true,
      "license": "MIT"
    },
    "node_modules/utility-types": {
      "version": "3.11.0",
      "license": "MIT",
      "engines": {
        "node": ">= 4"
      }
    },
    "node_modules/v8-compile-cache-lib": {
      "version": "3.0.1",
      "dev": true,
      "license": "MIT"
    },
    "node_modules/validator": {
      "version": "13.11.0",
      "license": "MIT",
      "engines": {
        "node": ">= 0.10"
      }
    },
    "node_modules/web-streams-polyfill": {
      "version": "3.3.3",
      "license": "MIT",
      "engines": {
        "node": ">= 8"
      }
    },
    "node_modules/wrappy": {
      "version": "1.0.2",
      "dev": true,
      "license": "ISC"
    },
    "node_modules/ws": {
      "version": "8.17.0",
      "license": "MIT",
      "engines": {
        "node": ">=10.0.0"
      },
      "peerDependencies": {
        "bufferutil": "^4.0.1",
        "utf-8-parse": ">=5.0.2"
      },
      "peerDependenciesMeta": {
        "bufferutil": {
          "optional": true
        },
        "utf-8-parse": {
          "optional": true
        }
      }
    },
    "node_modules/yn": {
      "version": "3.1.1",
      "dev": true,
      "license": "MIT",
      "engines": {
        "node": ">=6"
      }
    },
    "packages/db": {
      "name": "@based/db",
      "version": "0.0.1",
      "license": "MIT",
      "dependencies": {
        "@based/client": "^6.0.0",
        "@based/schema": "4",
        "@based/server": "^8.0.0",
        "@saulx/hash": "^3.0.0",
        "@saulx/utils": "^4.3.2",
        "data-record": "^2.0.0",
        "picocolors": "^1.0.1",
        "snappy": "^7.2.2"
      },
      "devDependencies": {
        "@types/node": "^22.5.3",
        "lorem-ipsum": "^2.0.8",
        "rimraf": "^3.0.2",
        "ts-node": "10.9.1",
        "typescript": "^4.3.5"
      }
    },
    "packages/db/node_modules/@based/functions": {
      "version": "3.0.2",
      "license": "MIT",
      "dependencies": {
        "@saulx/utils": "^5.0.0",
        "utility-types": "^3.10.0"
      }
    },
    "packages/db/node_modules/@based/functions/node_modules/@saulx/utils": {
      "version": "5.0.0",
      "license": "MIT",
      "dependencies": {
        "@saulx/hash": "^3.0.0"
      }
    },
    "packages/db/node_modules/@based/schema/node_modules/@saulx/hash": {
      "version": "2.0.0"
    },
    "packages/db/node_modules/@based/schema/node_modules/@saulx/utils": {
      "version": "3.5.3",
      "dependencies": {
        "@saulx/hash": "^2.0.0",
        "is-plain-obj": "^3.0.0"
      }
    },
    "packages/db/node_modules/@based/server": {
      "version": "8.1.1",
      "license": "MIT",
      "dependencies": {
        "@based/errors": "^1.3.0",
        "@based/functions": "^3.0.2",
        "@based/uws": "^4.1.0",
        "@saulx/diff": "^2.0.2",
        "@saulx/hash": "^3.0.0",
        "@saulx/utils": "^5.0.0",
        "jsonexport": "^3.2.0",
        "jsonwebtoken": "^8.5.1",
        "mime-types": "^2.1.31",
        "picocolors": "^1.0.0",
        "utility-types": "^3.10.0"
      }
    },
    "packages/db/node_modules/@based/server/node_modules/@saulx/utils": {
      "version": "5.0.0",
      "license": "MIT",
      "dependencies": {
        "@saulx/hash": "^3.0.0"
      }
    },
    "packages/db/node_modules/@saulx/diff": {
      "version": "2.0.2",
      "license": "MIT",
      "dependencies": {
        "@saulx/hash": "^3.0.0",
        "@saulx/utils": "^5.0.0"
      }
    },
    "packages/db/node_modules/@saulx/diff/node_modules/@saulx/utils": {
      "version": "5.0.0",
      "license": "MIT",
      "dependencies": {
        "@saulx/hash": "^3.0.0"
      }
    },
    "packages/db/node_modules/@saulx/hash": {
      "version": "3.0.0",
      "license": "MIT"
    },
    "packages/db/node_modules/@saulx/utils": {
      "version": "4.3.2",
      "license": "MIT",
      "dependencies": {
        "@saulx/hash": "^3.0.0"
      }
    },
    "packages/db/node_modules/typescript": {
      "version": "4.9.5",
      "dev": true,
      "license": "Apache-2.0",
      "bin": {
        "tsc": "bin/tsc",
        "tsserver": "bin/tsserver"
      },
      "engines": {
        "node": ">=4.2.0"
      }
    },
    "packages/schema": {
      "name": "@based/schema",
      "version": "4.0.0",
      "license": "MIT",
      "dependencies": {
        "picocolors": "^1.1.0"
      },
      "devDependencies": {
        "@saulx/prettier-config": "2.0.0",
        "@saulx/tsconfig": "^1.1.0",
        "@types/node": "22.5.3",
        "tsx": "^4.19.0",
        "typescript": "^5.1.6"
      }
    },
    "packages/schema/node_modules/@types/node": {
      "version": "22.5.3",
      "dev": true,
      "license": "MIT",
      "dependencies": {
        "undici-types": "~6.19.2"
      }
    }
  }
}
