{
  "name": "nodecli",
  "version": "1.0.0",
  "lockfileVersion": 2,
  "requires": true,
  "packages": {
    "": {
      "name": "nodecli",
      "version": "1.0.0",
      "license": "ISC",
      "dependencies": {
        "data-record": "^1.0.2"
      }
    },
    "node_modules/data-record": {
      "version": "1.0.2",
      "resolved": "https://registry.npmjs.org/data-record/-/data-record-1.0.2.tgz",
      "integrity": "sha512-1Y7xYN95UYSq4VNIhqDGDLPc9M/X9+38YKHBVRbwuBvRUAnDr1b+PPslAR4k0zTrscBwrbTwWiPUC+EpKApkqA=="
    }
  },
  "dependencies": {
    "data-record": {
      "version": "1.0.2",
      "resolved": "https://registry.npmjs.org/data-record/-/data-record-1.0.2.tgz",
      "integrity": "sha512-1Y7xYN95UYSq4VNIhqDGDLPc9M/X9+38YKHBVRbwuBvRUAnDr1b+PPslAR4k0zTrscBwrbTwWiPUC+EpKApkqA=="
    }
  }
}
